// !$*UTF8*$!
{
	archiveVersion = 1;
	classes = {
	};
	objectVersion = 50;
	objects = {

/* Begin PBXBuildFile section */
		4A168FAB214C2534009C682C /* AppDelegate.swift in Sources */ = {isa = PBXBuildFile; fileRef = 4A168FAA214C2534009C682C /* AppDelegate.swift */; };
		4A168FAD214C2534009C682C /* ViewController.swift in Sources */ = {isa = PBXBuildFile; fileRef = 4A168FAC214C2534009C682C /* ViewController.swift */; };
		4A168FB0214C2534009C682C /* Main.storyboard in Resources */ = {isa = PBXBuildFile; fileRef = 4A168FAE214C2534009C682C /* Main.storyboard */; };
		4A168FB2214C2536009C682C /* Assets.xcassets in Resources */ = {isa = PBXBuildFile; fileRef = 4A168FB1214C2536009C682C /* Assets.xcassets */; };
		4A168FB5214C2536009C682C /* LaunchScreen.storyboard in Resources */ = {isa = PBXBuildFile; fileRef = 4A168FB3214C2536009C682C /* LaunchScreen.storyboard */; };
		4A168FBD214C2A79009C682C /* credentials.plist in Resources */ = {isa = PBXBuildFile; fileRef = 4A168FBC214C2A79009C682C /* credentials.plist */; };
		4A168FBF214C405D009C682C /* secondViewController.swift in Sources */ = {isa = PBXBuildFile; fileRef = 4A168FBE214C405D009C682C /* secondViewController.swift */; };
		976EE9D62601BF403DF7AF85 /* Pods_SW_Mini_Project_v1.framework in Frameworks */ = {isa = PBXBuildFile; fileRef = AA80096BB24EA3A7AA9A8CA7 /* Pods_SW_Mini_Project_v1.framework */; };
/* End PBXBuildFile section */

/* Begin PBXFileReference section */
		4A168FA7214C2534009C682C /* SW_Mini_Project_v1.app */ = {isa = PBXFileReference; explicitFileType = wrapper.application; includeInIndex = 0; path = SW_Mini_Project_v1.app; sourceTree = BUILT_PRODUCTS_DIR; };
		4A168FAA214C2534009C682C /* AppDelegate.swift */ = {isa = PBXFileReference; lastKnownFileType = sourcecode.swift; path = AppDelegate.swift; sourceTree = "<group>"; };
		4A168FAC214C2534009C682C /* ViewController.swift */ = {isa = PBXFileReference; lastKnownFileType = sourcecode.swift; path = ViewController.swift; sourceTree = "<group>"; };
		4A168FAF214C2534009C682C /* Base */ = {isa = PBXFileReference; lastKnownFileType = file.storyboard; name = Base; path = Base.lproj/Main.storyboard; sourceTree = "<group>"; };
		4A168FB1214C2536009C682C /* Assets.xcassets */ = {isa = PBXFileReference; lastKnownFileType = folder.assetcatalog; path = Assets.xcassets; sourceTree = "<group>"; };
		4A168FB4214C2536009C682C /* Base */ = {isa = PBXFileReference; lastKnownFileType = file.storyboard; name = Base; path = Base.lproj/LaunchScreen.storyboard; sourceTree = "<group>"; };
		4A168FB6214C2536009C682C /* Info.plist */ = {isa = PBXFileReference; lastKnownFileType = text.plist.xml; path = Info.plist; sourceTree = "<group>"; };
		4A168FBC214C2A79009C682C /* credentials.plist */ = {isa = PBXFileReference; fileEncoding = 4; lastKnownFileType = text.plist.xml; path = credentials.plist; sourceTree = "<group>"; };
		4A168FBE214C405D009C682C /* secondViewController.swift */ = {isa = PBXFileReference; lastKnownFileType = sourcecode.swift; path = secondViewController.swift; sourceTree = "<group>"; };
		A46BC0BED919ECF1FA4C9D8C /* Pods-SW_Mini_Project_v1.debug.xcconfig */ = {isa = PBXFileReference; includeInIndex = 1; lastKnownFileType = text.xcconfig; name = "Pods-SW_Mini_Project_v1.debug.xcconfig"; path = "Pods/Target Support Files/Pods-SW_Mini_Project_v1/Pods-SW_Mini_Project_v1.debug.xcconfig"; sourceTree = "<group>"; };
		AA80096BB24EA3A7AA9A8CA7 /* Pods_SW_Mini_Project_v1.framework */ = {isa = PBXFileReference; explicitFileType = wrapper.framework; includeInIndex = 0; path = Pods_SW_Mini_Project_v1.framework; sourceTree = BUILT_PRODUCTS_DIR; };
		F9E9D11986D95854AEA5FDC0 /* Pods-SW_Mini_Project_v1.release.xcconfig */ = {isa = PBXFileReference; includeInIndex = 1; lastKnownFileType = text.xcconfig; name = "Pods-SW_Mini_Project_v1.release.xcconfig"; path = "Pods/Target Support Files/Pods-SW_Mini_Project_v1/Pods-SW_Mini_Project_v1.release.xcconfig"; sourceTree = "<group>"; };
/* End PBXFileReference section */

/* Begin PBXFrameworksBuildPhase section */
		4A168FA4214C2534009C682C /* Frameworks */ = {
			isa = PBXFrameworksBuildPhase;
			buildActionMask = 2147483647;
			files = (
				976EE9D62601BF403DF7AF85 /* Pods_SW_Mini_Project_v1.framework in Frameworks */,
			);
			runOnlyForDeploymentPostprocessing = 0;
		};
/* End PBXFrameworksBuildPhase section */

/* Begin PBXGroup section */
		103FE3DBB26608ED7396BA5C /* Frameworks */ = {
			isa = PBXGroup;
			children = (
				AA80096BB24EA3A7AA9A8CA7 /* Pods_SW_Mini_Project_v1.framework */,
			);
			name = Frameworks;
			sourceTree = "<group>";
		};
		4A168F9E214C2534009C682C = {
			isa = PBXGroup;
			children = (
				4A168FA9214C2534009C682C /* SW_Mini_Project_v1 */,
				4A168FA8214C2534009C682C /* Products */,
				EC2CFC14B06D46C9AAA5D83D /* Pods */,
				103FE3DBB26608ED7396BA5C /* Frameworks */,
			);
			sourceTree = "<group>";
		};
		4A168FA8214C2534009C682C /* Products */ = {
			isa = PBXGroup;
			children = (
				4A168FA7214C2534009C682C /* SW_Mini_Project_v1.app */,
			);
			name = Products;
			sourceTree = "<group>";
		};
		4A168FA9214C2534009C682C /* SW_Mini_Project_v1 */ = {
			isa = PBXGroup;
			children = (
				4A168FAA214C2534009C682C /* AppDelegate.swift */,
				4A168FAC214C2534009C682C /* ViewController.swift */,
				4A168FAE214C2534009C682C /* Main.storyboard */,
				4A168FBE214C405D009C682C /* secondViewController.swift */,
				4A168FB1214C2536009C682C /* Assets.xcassets */,
				4A168FB3214C2536009C682C /* LaunchScreen.storyboard */,
				4A168FB6214C2536009C682C /* Info.plist */,
				4A168FBC214C2A79009C682C /* credentials.plist */,
			);
			path = SW_Mini_Project_v1;
			sourceTree = "<group>";
		};
		EC2CFC14B06D46C9AAA5D83D /* Pods */ = {
			isa = PBXGroup;
			children = (
				A46BC0BED919ECF1FA4C9D8C /* Pods-SW_Mini_Project_v1.debug.xcconfig */,
				F9E9D11986D95854AEA5FDC0 /* Pods-SW_Mini_Project_v1.release.xcconfig */,
			);
			name = Pods;
			sourceTree = "<group>";
		};
/* End PBXGroup section */

/* Begin PBXNativeTarget section */
		4A168FA6214C2534009C682C /* SW_Mini_Project_v1 */ = {
			isa = PBXNativeTarget;
			buildConfigurationList = 4A168FB9214C2536009C682C /* Build configuration list for PBXNativeTarget "SW_Mini_Project_v1" */;
			buildPhases = (
				2DFFE4187AF2A8B1F848A67A /* [CP] Check Pods Manifest.lock */,
				4A168FA3214C2534009C682C /* Sources */,
				4A168FA4214C2534009C682C /* Frameworks */,
				4A168FA5214C2534009C682C /* Resources */,
				A57CDE4D40B064914344E293 /* [CP] Embed Pods Frameworks */,
				351118822C7C13B4E6DDD76E /* [CP] Copy Pods Resources */,
			);
			buildRules = (
			);
			dependencies = (
			);
			name = SW_Mini_Project_v1;
			productName = SW_Mini_Project_v1;
			productReference = 4A168FA7214C2534009C682C /* SW_Mini_Project_v1.app */;
			productType = "com.apple.product-type.application";
		};
/* End PBXNativeTarget section */

/* Begin PBXProject section */
		4A168F9F214C2534009C682C /* Project object */ = {
			isa = PBXProject;
			attributes = {
				LastSwiftUpdateCheck = 0940;
				LastUpgradeCheck = 0940;
				ORGANIZATIONNAME = Hayatopia;
				TargetAttributes = {
					4A168FA6214C2534009C682C = {
						CreatedOnToolsVersion = 9.4.1;
					};
				};
			};
			buildConfigurationList = 4A168FA2214C2534009C682C /* Build configuration list for PBXProject "SW_Mini_Project_v1" */;
			compatibilityVersion = "Xcode 9.3";
			developmentRegion = en;
			hasScannedForEncodings = 0;
			knownRegions = (
				en,
				Base,
			);
			mainGroup = 4A168F9E214C2534009C682C;
			productRefGroup = 4A168FA8214C2534009C682C /* Products */;
			projectDirPath = "";
			projectRoot = "";
			targets = (
				4A168FA6214C2534009C682C /* SW_Mini_Project_v1 */,
			);
		};
/* End PBXProject section */

/* Begin PBXResourcesBuildPhase section */
		4A168FA5214C2534009C682C /* Resources */ = {
			isa = PBXResourcesBuildPhase;
			buildActionMask = 2147483647;
			files = (
				4A168FB5214C2536009C682C /* LaunchScreen.storyboard in Resources */,
				4A168FBD214C2A79009C682C /* credentials.plist in Resources */,
				4A168FB2214C2536009C682C /* Assets.xcassets in Resources */,
				4A168FB0214C2534009C682C /* Main.storyboard in Resources */,
			);
			runOnlyForDeploymentPostprocessing = 0;
		};
/* End PBXResourcesBuildPhase section */

/* Begin PBXShellScriptBuildPhase section */
		2DFFE4187AF2A8B1F848A67A /* [CP] Check Pods Manifest.lock */ = {
			isa = PBXShellScriptBuildPhase;
			buildActionMask = 2147483647;
			files = (
			);
			inputPaths = (
				"${PODS_PODFILE_DIR_PATH}/Podfile.lock",
				"${PODS_ROOT}/Manifest.lock",
			);
			name = "[CP] Check Pods Manifest.lock";
			outputPaths = (
				"$(DERIVED_FILE_DIR)/Pods-SW_Mini_Project_v1-checkManifestLockResult.txt",
			);
			runOnlyForDeploymentPostprocessing = 0;
			shellPath = /bin/sh;
			shellScript = "diff \"${PODS_PODFILE_DIR_PATH}/Podfile.lock\" \"${PODS_ROOT}/Manifest.lock\" > /dev/null\nif [ $? != 0 ] ; then\n    # print error to STDERR\n    echo \"error: The sandbox is not in sync with the Podfile.lock. Run 'pod install' or update your CocoaPods installation.\" >&2\n    exit 1\nfi\n# This output is used by Xcode 'outputs' to avoid re-running this script phase.\necho \"SUCCESS\" > \"${SCRIPT_OUTPUT_FILE_0}\"\n";
			showEnvVarsInLog = 0;
		};
		351118822C7C13B4E6DDD76E /* [CP] Copy Pods Resources */ = {
			isa = PBXShellScriptBuildPhase;
			buildActionMask = 2147483647;
			files = (
			);
			inputPaths = (
				"${SRCROOT}/Pods/Target Support Files/Pods-SW_Mini_Project_v1/Pods-SW_Mini_Project_v1-resources.sh",
				"${PODS_ROOT}/GoogleSignIn/Resources/GoogleSignIn.bundle",
			);
			name = "[CP] Copy Pods Resources";
			outputPaths = (
				"${TARGET_BUILD_DIR}/${UNLOCALIZED_RESOURCES_FOLDER_PATH}/GoogleSignIn.bundle",
			);
			runOnlyForDeploymentPostprocessing = 0;
			shellPath = /bin/sh;
			shellScript = "\"${SRCROOT}/Pods/Target Support Files/Pods-SW_Mini_Project_v1/Pods-SW_Mini_Project_v1-resources.sh\"\n";
			showEnvVarsInLog = 0;
		};
		A57CDE4D40B064914344E293 /* [CP] Embed Pods Frameworks */ = {
			isa = PBXShellScriptBuildPhase;
			buildActionMask = 2147483647;
			files = (
			);
			inputPaths = (
				"${SRCROOT}/Pods/Target Support Files/Pods-SW_Mini_Project_v1/Pods-SW_Mini_Project_v1-frameworks.sh",
				"${BUILT_PRODUCTS_DIR}/GTMOAuth2/GTMOAuth2.framework",
				"${BUILT_PRODUCTS_DIR}/GTMSessionFetcher/GTMSessionFetcher.framework",
				"${BUILT_PRODUCTS_DIR}/GoogleToolboxForMac/GoogleToolboxForMac.framework",
			);
			name = "[CP] Embed Pods Frameworks";
			outputPaths = (
				"${TARGET_BUILD_DIR}/${FRAMEWORKS_FOLDER_PATH}/GTMOAuth2.framework",
				"${TARGET_BUILD_DIR}/${FRAMEWORKS_FOLDER_PATH}/GTMSessionFetcher.framework",
				"${TARGET_BUILD_DIR}/${FRAMEWORKS_FOLDER_PATH}/GoogleToolboxForMac.framework",
			);
			runOnlyForDeploymentPostprocessing = 0;
			shellPath = /bin/sh;
			shellScript = "\"${SRCROOT}/Pods/Target Support Files/Pods-SW_Mini_Project_v1/Pods-SW_Mini_Project_v1-frameworks.sh\"\n";
			showEnvVarsInLog = 0;
		};
/* End PBXShellScriptBuildPhase section */

/* Begin PBXSourcesBuildPhase section */
		4A168FA3214C2534009C682C /* Sources */ = {
			isa = PBXSourcesBuildPhase;
			buildActionMask = 2147483647;
			files = (
				4A168FAD214C2534009C682C /* ViewController.swift in Sources */,
				4A168FBF214C405D009C682C /* secondViewController.swift in Sources */,
				4A168FAB214C2534009C682C /* AppDelegate.swift in Sources */,
			);
			runOnlyForDeploymentPostprocessing = 0;
		};
/* End PBXSourcesBuildPhase section */

/* Begin PBXVariantGroup section */
		4A168FAE214C2534009C682C /* Main.storyboard */ = {
			isa = PBXVariantGroup;
			children = (
				4A168FAF214C2534009C682C /* Base */,
			);
			name = Main.storyboard;
			sourceTree = "<group>";
		};
		4A168FB3214C2536009C682C /* LaunchScreen.storyboard */ = {
			isa = PBXVariantGroup;
			children = (
				4A168FB4214C2536009C682C /* Base */,
			);
			name = LaunchScreen.storyboard;
			sourceTree = "<group>";
		};
/* End PBXVariantGroup section */

/* Begin XCBuildConfiguration section */
		4A168FB7214C2536009C682C /* Debug */ = {
			isa = XCBuildConfiguration;
			buildSettings = {
				ALWAYS_SEARCH_USER_PATHS = NO;
				CLANG_ANALYZER_NONNULL = YES;
				CLANG_ANALYZER_NUMBER_OBJECT_CONVERSION = YES_AGGRESSIVE;
				CLANG_CXX_LANGUAGE_STANDARD = "gnu++14";
				CLANG_CXX_LIBRARY = "libc++";
				CLANG_ENABLE_MODULES = YES;
				CLANG_ENABLE_OBJC_ARC = YES;
				CLANG_ENABLE_OBJC_WEAK = YES;
				CLANG_WARN_BLOCK_CAPTURE_AUTORELEASING = YES;
				CLANG_WARN_BOOL_CONVERSION = YES;
				CLANG_WARN_COMMA = YES;
				CLANG_WARN_CONSTANT_CONVERSION = YES;
				CLANG_WARN_DEPRECATED_OBJC_IMPLEMENTATIONS = YES;
				CLANG_WARN_DIRECT_OBJC_ISA_USAGE = YES_ERROR;
				CLANG_WARN_DOCUMENTATION_COMMENTS = YES;
				CLANG_WARN_EMPTY_BODY = YES;
				CLANG_WARN_ENUM_CONVERSION = YES;
				CLANG_WARN_INFINITE_RECURSION = YES;
				CLANG_WARN_INT_CONVERSION = YES;
				CLANG_WARN_NON_LITERAL_NULL_CONVERSION = YES;
				CLANG_WARN_OBJC_IMPLICIT_RETAIN_SELF = YES;
				CLANG_WARN_OBJC_LITERAL_CONVERSION = YES;
				CLANG_WARN_OBJC_ROOT_CLASS = YES_ERROR;
				CLANG_WARN_RANGE_LOOP_ANALYSIS = YES;
				CLANG_WARN_STRICT_PROTOTYPES = YES;
				CLANG_WARN_SUSPICIOUS_MOVE = YES;
				CLANG_WARN_UNGUARDED_AVAILABILITY = YES_AGGRESSIVE;
				CLANG_WARN_UNREACHABLE_CODE = YES;
				CLANG_WARN__DUPLICATE_METHOD_MATCH = YES;
				CODE_SIGN_IDENTITY = "iPhone Developer";
				COPY_PHASE_STRIP = NO;
				DEBUG_INFORMATION_FORMAT = dwarf;
				ENABLE_STRICT_OBJC_MSGSEND = YES;
				ENABLE_TESTABILITY = YES;
				GCC_C_LANGUAGE_STANDARD = gnu11;
				GCC_DYNAMIC_NO_PIC = NO;
				GCC_NO_COMMON_BLOCKS = YES;
				GCC_OPTIMIZATION_LEVEL = 0;
				GCC_PREPROCESSOR_DEFINITIONS = (
					"DEBUG=1",
					"$(inherited)",
				);
				GCC_WARN_64_TO_32_BIT_CONVERSION = YES;
				GCC_WARN_ABOUT_RETURN_TYPE = YES_ERROR;
				GCC_WARN_UNDECLARED_SELECTOR = YES;
				GCC_WARN_UNINITIALIZED_AUTOS = YES_AGGRESSIVE;
				GCC_WARN_UNUSED_FUNCTION = YES;
				GCC_WARN_UNUSED_VARIABLE = YES;
				IPHONEOS_DEPLOYMENT_TARGET = 11.4;
				MTL_ENABLE_DEBUG_INFO = YES;
				ONLY_ACTIVE_ARCH = YES;
				SDKROOT = iphoneos;
				SWIFT_ACTIVE_COMPILATION_CONDITIONS = DEBUG;
				SWIFT_OPTIMIZATION_LEVEL = "-Onone";
			};
			name = Debug;
		};
		4A168FB8214C2536009C682C /* Release */ = {
			isa = XCBuildConfiguration;
			buildSettings = {
				ALWAYS_SEARCH_USER_PATHS = NO;
				CLANG_ANALYZER_NONNULL = YES;
				CLANG_ANALYZER_NUMBER_OBJECT_CONVERSION = YES_AGGRESSIVE;
				CLANG_CXX_LANGUAGE_STANDARD = "gnu++14";
				CLANG_CXX_LIBRARY = "libc++";
				CLANG_ENABLE_MODULES = YES;
				CLANG_ENABLE_OBJC_ARC = YES;
				CLANG_ENABLE_OBJC_WEAK = YES;
				CLANG_WARN_BLOCK_CAPTURE_AUTORELEASING = YES;
				CLANG_WARN_BOOL_CONVERSION = YES;
				CLANG_WARN_COMMA = YES;
				CLANG_WARN_CONSTANT_CONVERSION = YES;
				CLANG_WARN_DEPRECATED_OBJC_IMPLEMENTATIONS = YES;
				CLANG_WARN_DIRECT_OBJC_ISA_USAGE = YES_ERROR;
				CLANG_WARN_DOCUMENTATION_COMMENTS = YES;
				CLANG_WARN_EMPTY_BODY = YES;
				CLANG_WARN_ENUM_CONVERSION = YES;
				CLANG_WARN_INFINITE_RECURSION = YES;
				CLANG_WARN_INT_CONVERSION = YES;
				CLANG_WARN_NON_LITERAL_NULL_CONVERSION = YES;
				CLANG_WARN_OBJC_IMPLICIT_RETAIN_SELF = YES;
				CLANG_WARN_OBJC_LITERAL_CONVERSION = YES;
				CLANG_WARN_OBJC_ROOT_CLASS = YES_ERROR;
				CLANG_WARN_RANGE_LOOP_ANALYSIS = YES;
				CLANG_WARN_STRICT_PROTOTYPES = YES;
				CLANG_WARN_SUSPICIOUS_MOVE = YES;
				CLANG_WARN_UNGUARDED_AVAILABILITY = YES_AGGRESSIVE;
				CLANG_WARN_UNREACHABLE_CODE = YES;
				CLANG_WARN__DUPLICATE_METHOD_MATCH = YES;
				CODE_SIGN_IDENTITY = "iPhone Developer";
				COPY_PHASE_STRIP = NO;
				DEBUG_INFORMATION_FORMAT = "dwarf-with-dsym";
				ENABLE_NS_ASSERTIONS = NO;
				ENABLE_STRICT_OBJC_MSGSEND = YES;
				GCC_C_LANGUAGE_STANDARD = gnu11;
				GCC_NO_COMMON_BLOCKS = YES;
				GCC_WARN_64_TO_32_BIT_CONVERSION = YES;
				GCC_WARN_ABOUT_RETURN_TYPE = YES_ERROR;
				GCC_WARN_UNDECLARED_SELECTOR = YES;
				GCC_WARN_UNINITIALIZED_AUTOS = YES_AGGRESSIVE;
				GCC_WARN_UNUSED_FUNCTION = YES;
				GCC_WARN_UNUSED_VARIABLE = YES;
				IPHONEOS_DEPLOYMENT_TARGET = 11.4;
				MTL_ENABLE_DEBUG_INFO = NO;
				SDKROOT = iphoneos;
				SWIFT_COMPILATION_MODE = wholemodule;
				SWIFT_OPTIMIZATION_LEVEL = "-O";
				VALIDATE_PRODUCT = YES;
			};
			name = Release;
		};
		4A168FBA214C2536009C682C /* Debug */ = {
			isa = XCBuildConfiguration;
			baseConfigurationReference = A46BC0BED919ECF1FA4C9D8C /* Pods-SW_Mini_Project_v1.debug.xcconfig */;
			buildSettings = {
				ASSETCATALOG_COMPILER_APPICON_NAME = AppIcon;
				CODE_SIGN_STYLE = Automatic;
				DEVELOPMENT_TEAM = 9P4SKX633D;
				INFOPLIST_FILE = SW_Mini_Project_v1/Info.plist;
				LD_RUNPATH_SEARCH_PATHS = (
					"$(inherited)",
					"@executable_path/Frameworks",
				);
				PRODUCT_BUNDLE_IDENTIFIER = "com.hayatopia.SW-Mini-Project-v1";
				PRODUCT_NAME = "$(TARGET_NAME)";
				SWIFT_VERSION = 4.0;
				TARGETED_DEVICE_FAMILY = "1,2";
			};
			name = Debug;
		};
		4A168FBB214C2536009C682C /* Release */ = {
			isa = XCBuildConfiguration;
			baseConfigurationReference = F9E9D11986D95854AEA5FDC0 /* Pods-SW_Mini_Project_v1.release.xcconfig */;
			buildSettings = {
				ASSETCATALOG_COMPILER_APPICON_NAME = AppIcon;
				CODE_SIGN_STYLE = Automatic;
				DEVELOPMENT_TEAM = 9P4SKX633D;
				INFOPLIST_FILE = SW_Mini_Project_v1/Info.plist;
				LD_RUNPATH_SEARCH_PATHS = (
					"$(inherited)",
					"@executable_path/Frameworks",
				);
				PRODUCT_BUNDLE_IDENTIFIER = "com.hayatopia.SW-Mini-Project-v1";
				PRODUCT_NAME = "$(TARGET_NAME)";
				SWIFT_VERSION = 4.0;
				TARGETED_DEVICE_FAMILY = "1,2";
			};
			name = Release;
		};
/* End XCBuildConfiguration section */

/* Begin XCConfigurationList section */
		4A168FA2214C2534009C682C /* Build configuration list for PBXProject "SW_Mini_Project_v1" */ = {
			isa = XCConfigurationList;
			buildConfigurations = (
				4A168FB7214C2536009C682C /* Debug */,
				4A168FB8214C2536009C682C /* Release */,
			);
			defaultConfigurationIsVisible = 0;
			defaultConfigurationName = Release;
		};
		4A168FB9214C2536009C682C /* Build configuration list for PBXNativeTarget "SW_Mini_Project_v1" */ = {
			isa = XCConfigurationList;
			buildConfigurations = (
				4A168FBA214C2536009C682C /* Debug */,
				4A168FBB214C2536009C682C /* Release */,
			);
			defaultConfigurationIsVisible = 0;
			defaultConfigurationName = Release;
		};
/* End XCConfigurationList section */
	};
	rootObject = 4A168F9F214C2534009C682C /* Project object */;
}
